
Microsoft Visual Studio Solution File, Format Version 10.00
# Visual Studio 2008
# SharpDevelop 3.1.0.4077
Project("{FAE04EC0-301F-11D3-BF4B-00C04F79EFBC}") = "ConsoleNodeApp", "ConsoleNodeApp\ConsoleNodeApp.csproj", "{4CB5724A-69DB-4459-A861-110C013CB14E}"
EndProject
Project("{FAE04EC0-301F-11D3-BF4B-00C04F79EFBC}") = "NodeApp", "NodeApp\NodeApp.csproj", "{6F4B1707-AA35-46BE-8260-29FD69249EC2}"
EndProject
Project("{FAE04EC0-301F-11D3-BF4B-00C04F79EFBC}") = "MapSharpLib", "..\MapSharpLib\MapSharpLib\MapSharpLib.csproj", "{3AAAC9F3-FDDF-4043-884F-05A8842E9EFC}"
EndProject
Global
	GlobalSection(SolutionConfigurationPlatforms) = preSolution
		Debug|Any CPU = Debug|Any CPU
		Release|Any CPU = Release|Any CPU
	EndGlobalSection
	GlobalSection(ProjectConfigurationPlatforms) = postSolution
		{4CB5724A-69DB-4459-A861-110C013CB14E}.Debug|Any CPU.Build.0 = Debug|Any CPU
		{4CB5724A-69DB-4459-A861-110C013CB14E}.Debug|Any CPU.ActiveCfg = Debug|Any CPU
		{4CB5724A-69DB-4459-A861-110C013CB14E}.Release|Any CPU.Build.0 = Release|Any CPU
		{4CB5724A-69DB-4459-A861-110C013CB14E}.Release|Any CPU.ActiveCfg = Release|Any CPU
		{6F4B1707-AA35-46BE-8260-29FD69249EC2}.Debug|Any CPU.Build.0 = Debug|Any CPU
		{6F4B1707-AA35-46BE-8260-29FD69249EC2}.Debug|Any CPU.ActiveCfg = Debug|Any CPU
		{6F4B1707-AA35-46BE-8260-29FD69249EC2}.Release|Any CPU.Build.0 = Release|Any CPU
		{6F4B1707-AA35-46BE-8260-29FD69249EC2}.Release|Any CPU.ActiveCfg = Release|Any CPU
		{3AAAC9F3-FDDF-4043-884F-05A8842E9EFC}.Debug|Any CPU.Build.0 = Debug|Any CPU
		{3AAAC9F3-FDDF-4043-884F-05A8842E9EFC}.Debug|Any CPU.ActiveCfg = Debug|Any CPU
		{3AAAC9F3-FDDF-4043-884F-05A8842E9EFC}.Release|Any CPU.Build.0 = Release|Any CPU
		{3AAAC9F3-FDDF-4043-884F-05A8842E9EFC}.Release|Any CPU.ActiveCfg = Release|Any CPU
	EndGlobalSection
EndGlobal
